
Microsoft Visual Studio Solution File, Format Version 12.00
# Visual Studio 15
VisualStudioVersion = 15.0.27130.2010
MinimumVisualStudioVersion = 10.0.40219.1
Project("{FAE04EC0-301F-11D3-BF4B-00C04F79EFBC}") = "LinqExploration", "LinqExploration\LinqExploration.csproj", "{71BF7A68-42E1-4F72-BD6A-BDF22F5B0FB5}"
EndProject
Project("{FAE04EC0-301F-11D3-BF4B-00C04F79EFBC}") = "LinqApp", "LinqApp\LinqApp.csproj", "{BC088A72-DB07-4F96-91E0-0AC860E41B96}"
EndProject
Global
	GlobalSection(SolutionConfigurationPlatforms) = preSolution
		Debug|Any CPU = Debug|Any CPU
		Release|Any CPU = Release|Any CPU
	EndGlobalSection
	GlobalSection(ProjectConfigurationPlatforms) = postSolution
		{71BF7A68-42E1-4F72-BD6A-BDF22F5B0FB5}.Debug|Any CPU.ActiveCfg = Debug|Any CPU
		{71BF7A68-42E1-4F72-BD6A-BDF22F5B0FB5}.Debug|Any CPU.Build.0 = Debug|Any CPU
		{71BF7A68-42E1-4F72-BD6A-BDF22F5B0FB5}.Release|Any CPU.ActiveCfg = Release|Any CPU
		{71BF7A68-42E1-4F72-BD6A-BDF22F5B0FB5}.Release|Any CPU.Build.0 = Release|Any CPU
		{BC088A72-DB07-4F96-91E0-0AC860E41B96}.Debug|Any CPU.ActiveCfg = Debug|Any CPU
		{BC088A72-DB07-4F96-91E0-0AC860E41B96}.Debug|Any CPU.Build.0 = Debug|Any CPU
		{BC088A72-DB07-4F96-91E0-0AC860E41B96}.Release|Any CPU.ActiveCfg = Release|Any CPU
		{BC088A72-DB07-4F96-91E0-0AC860E41B96}.Release|Any CPU.Build.0 = Release|Any CPU
	EndGlobalSection
	GlobalSection(SolutionProperties) = preSolution
		HideSolutionNode = FALSE
	EndGlobalSection
	GlobalSection(ExtensibilityGlobals) = postSolution
		SolutionGuid = {0155A50A-AF29-4358-B699-46FB0FEFB328}
	EndGlobalSection
EndGlobal
